
Microsoft Visual Studio Solution File, Format Version 12.00
# Visual Studio Version 17
VisualStudioVersion = 17.5.33627.172
MinimumVisualStudioVersion = 10.0.40219.1
Project("{9A19103F-16F7-4668-BE54-9A1E7A4F7556}") = "StocksApp", "StocksApp\StocksApp.csproj", "{653CC5C3-8984-4AB2-A351-50C6000DAC05}"
EndProject
Project("{FAE04EC0-301F-11D3-BF4B-00C04F79EFBC}") = "ExternalServices", "ExternalServices\ExternalServices.csproj", "{1EE51A2D-F7D7-41A0-888C-746337D0DCED}"
EndProject
Global
	GlobalSection(SolutionConfigurationPlatforms) = preSolution
		Debug|Any CPU = Debug|Any CPU
		Release|Any CPU = Release|Any CPU
	EndGlobalSection
	GlobalSection(ProjectConfigurationPlatforms) = postSolution
		{653CC5C3-8984-4AB2-A351-50C6000DAC05}.Debug|Any CPU.ActiveCfg = Debug|Any CPU
		{653CC5C3-8984-4AB2-A351-50C6000DAC05}.Debug|Any CPU.Build.0 = Debug|Any CPU
		{653CC5C3-8984-4AB2-A351-50C6000DAC05}.Release|Any CPU.ActiveCfg = Release|Any CPU
		{653CC5C3-8984-4AB2-A351-50C6000DAC05}.Release|Any CPU.Build.0 = Release|Any CPU
		{1EE51A2D-F7D7-41A0-888C-746337D0DCED}.Debug|Any CPU.ActiveCfg = Debug|Any CPU
		{1EE51A2D-F7D7-41A0-888C-746337D0DCED}.Debug|Any CPU.Build.0 = Debug|Any CPU
		{1EE51A2D-F7D7-41A0-888C-746337D0DCED}.Release|Any CPU.ActiveCfg = Release|Any CPU
		{1EE51A2D-F7D7-41A0-888C-746337D0DCED}.Release|Any CPU.Build.0 = Release|Any CPU
	EndGlobalSection
	GlobalSection(SolutionProperties) = preSolution
		HideSolutionNode = FALSE
	EndGlobalSection
	GlobalSection(ExtensibilityGlobals) = postSolution
		SolutionGuid = {318AB3E6-1260-414E-8530-AA1940C6FA23}
	EndGlobalSection
EndGlobal
